
Microsoft Visual Studio Solution File, Format Version 12.00
# Visual Studio 2017
Project("{FAE04EC0-301F-11D3-BF4B-00C04F79EFBC}") = "05_5 Maze", "05_5 Maze.csproj", "{2C530F3F-55E3-AA1C-24DA-7DF1C78A08CC}"
EndProject
Global
	GlobalSection(SolutionConfigurationPlatforms) = preSolution
		Debug|Any CPU = Debug|Any CPU
		Release|Any CPU = Release|Any CPU
	EndGlobalSection
	GlobalSection(ProjectConfigurationPlatforms) = postSolution
		{2C530F3F-55E3-AA1C-24DA-7DF1C78A08CC}.Debug|Any CPU.ActiveCfg = Debug|Any CPU
		{2C530F3F-55E3-AA1C-24DA-7DF1C78A08CC}.Debug|Any CPU.Build.0 = Debug|Any CPU
		{2C530F3F-55E3-AA1C-24DA-7DF1C78A08CC}.Release|Any CPU.ActiveCfg = Release|Any CPU
		{2C530F3F-55E3-AA1C-24DA-7DF1C78A08CC}.Release|Any CPU.Build.0 = Release|Any CPU
	EndGlobalSection
	GlobalSection(SolutionProperties) = preSolution
		HideSolutionNode = FALSE
	EndGlobalSection
EndGlobal
